
Microsoft Visual Studio Solution File, Format Version 12.00
# Visual Studio Version 17
VisualStudioVersion = 17.11.35222.181
MinimumVisualStudioVersion = 10.0.40219.1
Project("{FAE04EC0-301F-11D3-BF4B-00C04F79EFBC}") = "P4C1", "P4C1\P4C1.csproj", "{4FCEF0CC-48CB-4141-AD83-3BE2F063F992}"
EndProject
Global
	GlobalSection(SolutionConfigurationPlatforms) = preSolution
		Debug|Any CPU = Debug|Any CPU
		Release|Any CPU = Release|Any CPU
	EndGlobalSection
	GlobalSection(ProjectConfigurationPlatforms) = postSolution
		{4FCEF0CC-48CB-4141-AD83-3BE2F063F992}.Debug|Any CPU.ActiveCfg = Debug|Any CPU
		{4FCEF0CC-48CB-4141-AD83-3BE2F063F992}.Debug|Any CPU.Build.0 = Debug|Any CPU
		{4FCEF0CC-48CB-4141-AD83-3BE2F063F992}.Release|Any CPU.ActiveCfg = Release|Any CPU
		{4FCEF0CC-48CB-4141-AD83-3BE2F063F992}.Release|Any CPU.Build.0 = Release|Any CPU
	EndGlobalSection
	GlobalSection(SolutionProperties) = preSolution
		HideSolutionNode = FALSE
	EndGlobalSection
	GlobalSection(ExtensibilityGlobals) = postSolution
		SolutionGuid = {00F24615-8D0F-42ED-8A72-7E63ECD2CCBB}
	EndGlobalSection
EndGlobal
